
Microsoft Visual Studio Solution File, Format Version 12.00
# Visual Studio Version 16
VisualStudioVersion = 16.0.28803.352
MinimumVisualStudioVersion = 10.0.40219.1
Project("{FAE04EC0-301F-11D3-BF4B-00C04F79EFBC}") = "WindowsFormsApp2", "WindowsFormsApp2\WindowsFormsApp2.csproj", "{2E2A170B-9013-4C07-AE53-8CBA8754D8A9}"
EndProject
Global
	GlobalSection(SolutionConfigurationPlatforms) = preSolution
		Debug|Any CPU = Debug|Any CPU
		Release|Any CPU = Release|Any CPU
	EndGlobalSection
	GlobalSection(ProjectConfigurationPlatforms) = postSolution
		{2E2A170B-9013-4C07-AE53-8CBA8754D8A9}.Debug|Any CPU.ActiveCfg = Debug|Any CPU
		{2E2A170B-9013-4C07-AE53-8CBA8754D8A9}.Debug|Any CPU.Build.0 = Debug|Any CPU
		{2E2A170B-9013-4C07-AE53-8CBA8754D8A9}.Release|Any CPU.ActiveCfg = Release|Any CPU
		{2E2A170B-9013-4C07-AE53-8CBA8754D8A9}.Release|Any CPU.Build.0 = Release|Any CPU
	EndGlobalSection
	GlobalSection(SolutionProperties) = preSolution
		HideSolutionNode = FALSE
	EndGlobalSection
	GlobalSection(ExtensibilityGlobals) = postSolution
		SolutionGuid = {6FE8C3C4-681B-4B28-BE22-BED55366B148}
	EndGlobalSection
EndGlobal
